
Microsoft Visual Studio Solution File, Format Version 12.00
# Visual Studio Version 17
VisualStudioVersion = 17.5.33530.505
MinimumVisualStudioVersion = 10.0.40219.1
Project("{8BC9CEB8-8B4A-11D0-8D11-00A0C91BC942}") = "MT3_02_00_LE2A_toyoda", "MT3_02_00_LE2A_toyoda.vcxproj", "{3242214C-B110-4CF8-A2FC-5E7B2957DE2D}"
EndProject
Global
	GlobalSection(SolutionConfigurationPlatforms) = preSolution
		Debug|x64 = Debug|x64
		Release|x64 = Release|x64
	EndGlobalSection
	GlobalSection(ProjectConfigurationPlatforms) = postSolution
		{3242214C-B110-4CF8-A2FC-5E7B2957DE2D}.Debug|x64.ActiveCfg = Debug|x64
		{3242214C-B110-4CF8-A2FC-5E7B2957DE2D}.Debug|x64.Build.0 = Debug|x64
		{3242214C-B110-4CF8-A2FC-5E7B2957DE2D}.Release|x64.ActiveCfg = Release|x64
		{3242214C-B110-4CF8-A2FC-5E7B2957DE2D}.Release|x64.Build.0 = Release|x64
	EndGlobalSection
	GlobalSection(SolutionProperties) = preSolution
		HideSolutionNode = FALSE
	EndGlobalSection
	GlobalSection(ExtensibilityGlobals) = postSolution
		SolutionGuid = {947E5277-1882-4368-9EC2-B3301F3AC074}
	EndGlobalSection
EndGlobal
